
Microsoft Visual Studio Solution File, Format Version 12.00
# Visual Studio Version 17
VisualStudioVersion = 17.14.37111.16
MinimumVisualStudioVersion = 10.0.40219.1
Project("{8BC9CEB8-8B4A-11D0-8D11-00A0C91BC942}") = "Client", "Client\Client.vcxproj", "{1833B86A-CDA3-4E59-9591-FAAE52F4D46B}"
	ProjectSection(ProjectDependencies) = postProject
		{06D16E68-4408-452D-9D63-566432A8541C} = {06D16E68-4408-452D-9D63-566432A8541C}
	EndProjectSection
EndProject
Project("{8BC9CEB8-8B4A-11D0-8D11-00A0C91BC942}") = "Server", "Server\Server.vcxproj", "{0B38518C-AB81-4FB4-8F00-04DE0129C581}"
	ProjectSection(ProjectDependencies) = postProject
		{06D16E68-4408-452D-9D63-566432A8541C} = {06D16E68-4408-452D-9D63-566432A8541C}
	EndProjectSection
EndProject
Project("{8BC9CEB8-8B4A-11D0-8D11-00A0C91BC942}") = "FormatLastError", "FormatLastError\FormatLastError.vcxproj", "{06D16E68-4408-452D-9D63-566432A8541C}"
EndProject
Project("{8BC9CEB8-8B4A-11D0-8D11-00A0C91BC942}") = "Threads", "Threads\Threads.vcxproj", "{2B142AE5-0044-4E5A-A90B-1AC4558C0B42}"
EndProject
Project("{8BC9CEB8-8B4A-11D0-8D11-00A0C91BC942}") = "HelloMPI", "HelloMPI\HelloMPI.vcxproj", "{A57964DA-2CA3-4215-A9A9-88098A3FC21B}"
EndProject
Project("{8BC9CEB8-8B4A-11D0-8D11-00A0C91BC942}") = "OpenMPI", "OpenMPI\OpenMPI.vcxproj", "{722A2576-6AD6-45A2-9438-216C04C2193E}"
EndProject
Global
	GlobalSection(SolutionConfigurationPlatforms) = preSolution
		Debug|x64 = Debug|x64
		Debug|x86 = Debug|x86
		Release|x64 = Release|x64
		Release|x86 = Release|x86
	EndGlobalSection
	GlobalSection(ProjectConfigurationPlatforms) = postSolution
		{1833B86A-CDA3-4E59-9591-FAAE52F4D46B}.Debug|x64.ActiveCfg = Debug|x64
		{1833B86A-CDA3-4E59-9591-FAAE52F4D46B}.Debug|x64.Build.0 = Debug|x64
		{1833B86A-CDA3-4E59-9591-FAAE52F4D46B}.Debug|x86.ActiveCfg = Debug|Win32
		{1833B86A-CDA3-4E59-9591-FAAE52F4D46B}.Debug|x86.Build.0 = Debug|Win32
		{1833B86A-CDA3-4E59-9591-FAAE52F4D46B}.Release|x64.ActiveCfg = Release|x64
		{1833B86A-CDA3-4E59-9591-FAAE52F4D46B}.Release|x64.Build.0 = Release|x64
		{1833B86A-CDA3-4E59-9591-FAAE52F4D46B}.Release|x86.ActiveCfg = Release|Win32
		{1833B86A-CDA3-4E59-9591-FAAE52F4D46B}.Release|x86.Build.0 = Release|Win32
		{0B38518C-AB81-4FB4-8F00-04DE0129C581}.Debug|x64.ActiveCfg = Debug|x64
		{0B38518C-AB81-4FB4-8F00-04DE0129C581}.Debug|x64.Build.0 = Debug|x64
		{0B38518C-AB81-4FB4-8F00-04DE0129C581}.Debug|x86.ActiveCfg = Debug|Win32
		{0B38518C-AB81-4FB4-8F00-04DE0129C581}.Debug|x86.Build.0 = Debug|Win32
		{0B38518C-AB81-4FB4-8F00-04DE0129C581}.Release|x64.ActiveCfg = Release|x64
		{0B38518C-AB81-4FB4-8F00-04DE0129C581}.Release|x64.Build.0 = Release|x64
		{0B38518C-AB81-4FB4-8F00-04DE0129C581}.Release|x86.ActiveCfg = Release|Win32
		{0B38518C-AB81-4FB4-8F00-04DE0129C581}.Release|x86.Build.0 = Release|Win32
		{06D16E68-4408-452D-9D63-566432A8541C}.Debug|x64.ActiveCfg = Debug|x64
		{06D16E68-4408-452D-9D63-566432A8541C}.Debug|x64.Build.0 = Debug|x64
		{06D16E68-4408-452D-9D63-566432A8541C}.Debug|x86.ActiveCfg = Debug|Win32
		{06D16E68-4408-452D-9D63-566432A8541C}.Debug|x86.Build.0 = Debug|Win32
		{06D16E68-4408-452D-9D63-566432A8541C}.Release|x64.ActiveCfg = Release|x64
		{06D16E68-4408-452D-9D63-566432A8541C}.Release|x64.Build.0 = Release|x64
		{06D16E68-4408-452D-9D63-566432A8541C}.Release|x86.ActiveCfg = Release|Win32
		{06D16E68-4408-452D-9D63-566432A8541C}.Release|x86.Build.0 = Release|Win32
		{2B142AE5-0044-4E5A-A90B-1AC4558C0B42}.Debug|x64.ActiveCfg = Debug|x64
		{2B142AE5-0044-4E5A-A90B-1AC4558C0B42}.Debug|x64.Build.0 = Debug|x64
		{2B142AE5-0044-4E5A-A90B-1AC4558C0B42}.Debug|x86.ActiveCfg = Debug|Win32
		{2B142AE5-0044-4E5A-A90B-1AC4558C0B42}.Debug|x86.Build.0 = Debug|Win32
		{2B142AE5-0044-4E5A-A90B-1AC4558C0B42}.Release|x64.ActiveCfg = Release|x64
		{2B142AE5-0044-4E5A-A90B-1AC4558C0B42}.Release|x64.Build.0 = Release|x64
		{2B142AE5-0044-4E5A-A90B-1AC4558C0B42}.Release|x86.ActiveCfg = Release|Win32
		{2B142AE5-0044-4E5A-A90B-1AC4558C0B42}.Release|x86.Build.0 = Release|Win32
		{A57964DA-2CA3-4215-A9A9-88098A3FC21B}.Debug|x64.ActiveCfg = Debug|x64
		{A57964DA-2CA3-4215-A9A9-88098A3FC21B}.Debug|x64.Build.0 = Debug|x64
		{A57964DA-2CA3-4215-A9A9-88098A3FC21B}.Debug|x86.ActiveCfg = Debug|Win32
		{A57964DA-2CA3-4215-A9A9-88098A3FC21B}.Debug|x86.Build.0 = Debug|Win32
		{A57964DA-2CA3-4215-A9A9-88098A3FC21B}.Release|x64.ActiveCfg = Release|x64
		{A57964DA-2CA3-4215-A9A9-88098A3FC21B}.Release|x64.Build.0 = Release|x64
		{A57964DA-2CA3-4215-A9A9-88098A3FC21B}.Release|x86.ActiveCfg = Release|Win32
		{A57964DA-2CA3-4215-A9A9-88098A3FC21B}.Release|x86.Build.0 = Release|Win32
		{722A2576-6AD6-45A2-9438-216C04C2193E}.Debug|x64.ActiveCfg = Debug|x64
		{722A2576-6AD6-45A2-9438-216C04C2193E}.Debug|x64.Build.0 = Debug|x64
		{722A2576-6AD6-45A2-9438-216C04C2193E}.Debug|x86.ActiveCfg = Debug|Win32
		{722A2576-6AD6-45A2-9438-216C04C2193E}.Debug|x86.Build.0 = Debug|Win32
		{722A2576-6AD6-45A2-9438-216C04C2193E}.Release|x64.ActiveCfg = Release|x64
		{722A2576-6AD6-45A2-9438-216C04C2193E}.Release|x64.Build.0 = Release|x64
		{722A2576-6AD6-45A2-9438-216C04C2193E}.Release|x86.ActiveCfg = Release|Win32
		{722A2576-6AD6-45A2-9438-216C04C2193E}.Release|x86.Build.0 = Release|Win32
	EndGlobalSection
	GlobalSection(SolutionProperties) = preSolution
		HideSolutionNode = FALSE
	EndGlobalSection
	GlobalSection(ExtensibilityGlobals) = postSolution
		SolutionGuid = {C0F45809-380B-45BE-9BDF-C5F0F4A756E1}
	EndGlobalSection
EndGlobal
